{
  "name": "typescript_dependencies",
  "version": "1.0.0",
  "lockfileVersion": 1,
  "requires": true,
  "dependencies": {
    "@eslint-community/eslint-utils": {
      "version": "4.4.0",
      "resolved": "https://registry.npmjs.org/@eslint-community/eslint-utils/-/eslint-utils-4.4.0.tgz",
      "integrity": "sha512-1/sA4dwrzBAyeUoQ6oxahHKmrZvsnLCg4RfxW3ZFGGmQkSNQPFNLV9CUEFQP1x9EYXHTo5p6xdhZM1Ne9p/AfA==",
      "dev": true,
      "requires": {
        "eslint-visitor-keys": "^3.3.0"
      }
    },
    "@eslint-community/regexpp": {
      "version": "4.10.0",
      "resolved": "https://registry.npmjs.org/@eslint-community/regexpp/-/regexpp-4.10.0.tgz",
      "integrity": "sha512-Cu96Sd2By9mCNTx2iyKOmq10v22jUVQv0lQnlGNy16oE9589yE+QADPbrMGCkA51cKZSg3Pu/aTJVTGfL/qjUA==",
      "dev": true
    },
    "@nodelib/fs.scandir": {
      "version": "2.1.5",
      "resolved": "https://registry.npmjs.org/@nodelib/fs.scandir/-/fs.scandir-2.1.5.tgz",
      "integrity": "sha512-vq24Bq3ym5HEQm2NKCr3yXDwjc7vTsEThRDnkp2DK9p1uqLR+DHurm/NOTo0KG7HYHU7eppKZj3MyqYuMBf62g==",
      "dev": true,
      "requires": {
        "@nodelib/fs.stat": "2.0.5",
        "run-parallel": "^1.1.9"
      }
    },
    "@nodelib/fs.stat": {
      "version": "2.0.5",
      "resolved": "https://registry.npmjs.org/@nodelib/fs.stat/-/fs.stat-2.0.5.tgz",
      "integrity": "sha512-RkhPPp2zrqDAQA/2jNhnztcPAlv64XdhIp7a7454A5ovI7Bukxgt7MX7udwAu3zg1DcpPU0rz3VV1SeaqvY4+A==",
      "dev": true
    },
    "@nodelib/fs.walk": {
      "version": "1.2.8",
      "resolved": "https://registry.npmjs.org/@nodelib/fs.walk/-/fs.walk-1.2.8.tgz",
      "integrity": "sha512-oGB+UxlgWcgQkgwo8GcEGwemoTFt3FIO9ababBmaGwXIoBKZ+GTy0pP185beGg7Llih/NSHSV2XAs1lnznocSg==",
      "dev": true,
      "requires": {
        "@nodelib/fs.scandir": "2.1.5",
        "fastq": "^1.6.0"
      }
    },
    "@types/json-schema": {
      "version": "7.0.15",
      "resolved": "https://registry.npmjs.org/@types/json-schema/-/json-schema-7.0.15.tgz",
      "integrity": "sha512-5+fP8P8MFNC+AyZCDxrB2pkZFPGzqQWUzpSeuuVLvm8VMcorNYavBqoFcxK8bQz4Qsbn4oUEEem4wDLfcysGHA==",
      "dev": true
    },
    "@types/semver": {
      "version": "7.5.6",
      "resolved": "https://registry.npmjs.org/@types/semver/-/semver-7.5.6.tgz",
      "integrity": "sha512-dn1l8LaMea/IjDoHNd9J52uBbInB796CDffS6VdIxvqYCPSG0V0DzHp76GpaWnlhg88uYyPbXCDIowa86ybd5A==",
      "dev": true
    },
    "@typescript-eslint/eslint-plugin": {
      "version": "6.18.1",
      "resolved": "https://registry.npmjs.org/@typescript-eslint/eslint-plugin/-/eslint-plugin-6.18.1.tgz",
      "integrity": "sha512-nISDRYnnIpk7VCFrGcu1rnZfM1Dh9LRHnfgdkjcbi/l7g16VYRri3TjXi9Ir4lOZSw5N/gnV/3H7jIPQ8Q4daA==",
      "dev": true,
      "requires": {
        "@eslint-community/regexpp": "^4.5.1",
        "@typescript-eslint/scope-manager": "6.18.1",
        "@typescript-eslint/type-utils": "6.18.1",
        "@typescript-eslint/utils": "6.18.1",
        "@typescript-eslint/visitor-keys": "6.18.1",
        "debug": "^4.3.4",
        "graphemer": "^1.4.0",
        "ignore": "^5.2.4",
        "natural-compare": "^1.4.0",
        "semver": "^7.5.4",
        "ts-api-utils": "^1.0.1"
      }
    },
    "@typescript-eslint/scope-manager": {
      "version": "6.18.1",
      "resolved": "https://registry.npmjs.org/@typescript-eslint/scope-manager/-/scope-manager-6.18.1.tgz",
      "integrity": "sha512-BgdBwXPFmZzaZUuw6wKiHKIovms97a7eTImjkXCZE04TGHysG+0hDQPmygyvgtkoB/aOQwSM/nWv3LzrOIQOBw==",
      "dev": true,
      "requires": {
        "@typescript-eslint/types": "6.18.1",
        "@typescript-eslint/visitor-keys": "6.18.1"
      }
    },
    "@typescript-eslint/type-utils": {
      "version": "6.18.1",
      "resolved": "https://registry.npmjs.org/@typescript-eslint/type-utils/-/type-utils-6.18.1.tgz",
      "integrity": "sha512-wyOSKhuzHeU/5pcRDP2G2Ndci+4g653V43gXTpt4nbyoIOAASkGDA9JIAgbQCdCkcr1MvpSYWzxTz0olCn8+/Q==",
      "dev": true,
      "requires": {
        "@typescript-eslint/typescript-estree": "6.18.1",
        "@typescript-eslint/utils": "6.18.1",
        "debug": "^4.3.4",
        "ts-api-utils": "^1.0.1"
      }
    },
    "@typescript-eslint/types": {
      "version": "6.18.1",
      "resolved": "https://registry.npmjs.org/@typescript-eslint/types/-/types-6.18.1.tgz",
      "integrity": "sha512-4TuMAe+tc5oA7wwfqMtB0Y5OrREPF1GeJBAjqwgZh1lEMH5PJQgWgHGfYufVB51LtjD+peZylmeyxUXPfENLCw==",
      "dev": true
    },
    "@typescript-eslint/typescript-estree": {
      "version": "6.18.1",
      "resolved": "https://registry.npmjs.org/@typescript-eslint/typescript-estree/-/typescript-estree-6.18.1.tgz",
      "integrity": "sha512-fv9B94UAhywPRhUeeV/v+3SBDvcPiLxRZJw/xZeeGgRLQZ6rLMG+8krrJUyIf6s1ecWTzlsbp0rlw7n9sjufHA==",
      "dev": true,
      "requires": {
        "@typescript-eslint/types": "6.18.1",
        "@typescript-eslint/visitor-keys": "6.18.1",
        "debug": "^4.3.4",
        "globby": "^11.1.0",
        "is-glob": "^4.0.3",
        "minimatch": "9.0.3",
        "semver": "^7.5.4",
        "ts-api-utils": "^1.0.1"
      }
    },
    "@typescript-eslint/utils": {
      "version": "6.18.1",
      "resolved": "https://registry.npmjs.org/@typescript-eslint/utils/-/utils-6.18.1.tgz",
      "integrity": "sha512-zZmTuVZvD1wpoceHvoQpOiewmWu3uP9FuTWo8vqpy2ffsmfCE8mklRPi+vmnIYAIk9t/4kOThri2QCDgor+OpQ==",
      "dev": true,
      "requires": {
        "@eslint-community/eslint-utils": "^4.4.0",
        "@types/json-schema": "^7.0.12",
        "@types/semver": "^7.5.0",
        "@typescript-eslint/scope-manager": "6.18.1",
        "@typescript-eslint/types": "6.18.1",
        "@typescript-eslint/typescript-estree": "6.18.1",
        "semver": "^7.5.4"
      }
    },
    "@typescript-eslint/visitor-keys": {
      "version": "6.18.1",
      "resolved": "https://registry.npmjs.org/@typescript-eslint/visitor-keys/-/visitor-keys-6.18.1.tgz",
      "integrity": "sha512-/kvt0C5lRqGoCfsbmm7/CwMqoSkY3zzHLIjdhHZQW3VFrnz7ATecOHR7nb7V+xn4286MBxfnQfQhAmCI0u+bJA==",
      "dev": true,
      "requires": {
        "@typescript-eslint/types": "6.18.1",
        "eslint-visitor-keys": "^3.4.1"
      }
    },
    "array-union": {
      "version": "2.1.0",
      "resolved": "https://registry.npmjs.org/array-union/-/array-union-2.1.0.tgz",
      "integrity": "sha512-HGyxoOTYUyCM6stUe6EJgnd4EoewAI7zMdfqO+kGjnlZmBDz/cR5pf8r/cR4Wq60sL/p0IkcjUEEPwS3GFrIyw==",
      "dev": true
    },
    "balanced-match": {
      "version": "1.0.2",
      "resolved": "https://registry.npmjs.org/balanced-match/-/balanced-match-1.0.2.tgz",
      "integrity": "sha512-3oSeUO0TMV67hN1AmbXsK4yaqU7tjiHlbxRDZOpH0KW9+CeX4bRAaX0Anxt0tx2MrpRpWwQaPwIlISEJhYU5Pw==",
      "dev": true
    },
    "brace-expansion": {
      "version": "2.0.1",
      "resolved": "https://registry.npmjs.org/brace-expansion/-/brace-expansion-2.0.1.tgz",
      "integrity": "sha512-XnAIvQ8eM+kC6aULx6wuQiwVsnzsi9d3WxzV3FpWTGA19F621kwdbsAcFKXgKUHZWsy+mY6iL1sHTxWEFCytDA==",
      "dev": true,
      "requires": {
        "balanced-match": "^1.0.0"
      }
    },
    "braces": {
      "version": "3.0.2",
      "resolved": "https://registry.npmjs.org/braces/-/braces-3.0.2.tgz",
      "integrity": "sha512-b8um+L1RzM3WDSzvhm6gIz1yfTbBt6YTlcEKAvsmqCZZFw46z626lVj9j1yEPW33H5H+lBQpZMP1k8l+78Ha0A==",
      "dev": true,
      "requires": {
        "fill-range": "^7.0.1"
      }
    },
    "debug": {
      "version": "4.3.4",
      "resolved": "https://registry.npmjs.org/debug/-/debug-4.3.4.tgz",
      "integrity": "sha512-PRWFHuSU3eDtQJPvnNY7Jcket1j0t5OuOsFzPPzsekD52Zl8qUfFIPEiswXqIvHWGVHOgX+7G/vCNNhehwxfkQ==",
      "dev": true,
      "requires": {
        "ms": "2.1.2"
      }
    },
    "dir-glob": {
      "version": "3.0.1",
      "resolved": "https://registry.npmjs.org/dir-glob/-/dir-glob-3.0.1.tgz",
      "integrity": "sha512-WkrWp9GR4KXfKGYzOLmTuGVi1UWFfws377n9cc55/tb6DuqyF6pcQ5AbiHEshaDpY9v6oaSr2XCDidGmMwdzIA==",
      "dev": true,
      "requires": {
        "path-type": "^4.0.0"
      }
    },
    "eslint-visitor-keys": {
      "version": "3.4.3",
      "resolved": "https://registry.npmjs.org/eslint-visitor-keys/-/eslint-visitor-keys-3.4.3.tgz",
      "integrity": "sha512-wpc+LXeiyiisxPlEkUzU6svyS1frIO3Mgxj1fdy7Pm8Ygzguax2N3Fa/D/ag1WqbOprdI+uY6wMUl8/a2G+iag==",
      "dev": true
    },
    "fast-glob": {
      "version": "3.3.2",
      "resolved": "https://registry.npmjs.org/fast-glob/-/fast-glob-3.3.2.tgz",
      "integrity": "sha512-oX2ruAFQwf/Orj8m737Y5adxDQO0LAB7/S5MnxCdTNDd4p6BsyIVsv9JQsATbTSq8KHRpLwIHbVlUNatxd+1Ow==",
      "dev": true,
      "requires": {
        "@nodelib/fs.stat": "^2.0.2",
        "@nodelib/fs.walk": "^1.2.3",
        "glob-parent": "^5.1.2",
        "merge2": "^1.3.0",
        "micromatch": "^4.0.4"
      }
    },
    "fastq": {
      "version": "1.16.0",
      "resolved": "https://registry.npmjs.org/fastq/-/fastq-1.16.0.tgz",
      "integrity": "sha512-ifCoaXsDrsdkWTtiNJX5uzHDsrck5TzfKKDcuFFTIrrc/BS076qgEIfoIy1VeZqViznfKiysPYTh/QeHtnIsYA==",
      "dev": true,
      "requires": {
        "reusify": "^1.0.4"
      }
    },
    "fill-range": {
      "version": "7.0.1",
      "resolved": "https://registry.npmjs.org/fill-range/-/fill-range-7.0.1.tgz",
      "integrity": "sha512-qOo9F+dMUmC2Lcb4BbVvnKJxTPjCm+RRpe4gDuGrzkL7mEVl/djYSu2OdQ2Pa302N4oqkSg9ir6jaLWJ2USVpQ==",
      "dev": true,
      "requires": {
        "to-regex-range": "^5.0.1"
      }
    },
    "glob-parent": {
      "version": "5.1.2",
      "resolved": "https://registry.npmjs.org/glob-parent/-/glob-parent-5.1.2.tgz",
      "integrity": "sha512-AOIgSQCepiJYwP3ARnGx+5VnTu2HBYdzbGP45eLw1vr3zB3vZLeyed1sC9hnbcOc9/SrMyM5RPQrkGz4aS9Zow==",
      "dev": true,
      "requires": {
        "is-glob": "^4.0.1"
      }
    },
    "globby": {
      "version": "11.1.0",
      "resolved": "https://registry.npmjs.org/globby/-/globby-11.1.0.tgz",
      "integrity": "sha512-jhIXaOzy1sb8IyocaruWSn1TjmnBVs8Ayhcy83rmxNJ8q2uWKCAj3CnJY+KpGSXCueAPc0i05kVvVKtP1t9S3g==",
      "dev": true,
      "requires": {
        "array-union": "^2.1.0",
        "dir-glob": "^3.0.1",
        "fast-glob": "^3.2.9",
        "ignore": "^5.2.0",
        "merge2": "^1.4.1",
        "slash": "^3.0.0"
      }
    },
    "graphemer": {
      "version": "1.4.0",
      "resolved": "https://registry.npmjs.org/graphemer/-/graphemer-1.4.0.tgz",
      "integrity": "sha512-EtKwoO6kxCL9WO5xipiHTZlSzBm7WLT627TqC/uVRd0HKmq8NXyebnNYxDoBi7wt8eTWrUrKXCOVaFq9x1kgag==",
      "dev": true
    },
    "ignore": {
      "version": "5.3.0",
      "resolved": "https://registry.npmjs.org/ignore/-/ignore-5.3.0.tgz",
      "integrity": "sha512-g7dmpshy+gD7mh88OC9NwSGTKoc3kyLAZQRU1mt53Aw/vnvfXnbC+F/7F7QoYVKbV+KNvJx8wArewKy1vXMtlg==",
      "dev": true
    },
    "is-extglob": {
      "version": "2.1.1",
      "resolved": "https://registry.npmjs.org/is-extglob/-/is-extglob-2.1.1.tgz",
      "integrity": "sha512-SbKbANkN603Vi4jEZv49LeVJMn4yGwsbzZworEoyEiutsN3nJYdbO36zfhGJ6QEDpOZIFkDtnq5JRxmvl3jsoQ==",
      "dev": true
    },
    "is-glob": {
      "version": "4.0.3",
      "resolved": "https://registry.npmjs.org/is-glob/-/is-glob-4.0.3.tgz",
      "integrity": "sha512-xelSayHH36ZgE7ZWhli7pW34hNbNl8Ojv5KVmkJD4hBdD3th8Tfk9vYasLM+mXWOZhFkgZfxhLSnrwRr4elSSg==",
      "dev": true,
      "requires": {
        "is-extglob": "^2.1.1"
      }
    },
    "is-number": {
      "version": "7.0.0",
      "resolved": "https://registry.npmjs.org/is-number/-/is-number-7.0.0.tgz",
      "integrity": "sha512-41Cifkg6e8TylSpdtTpeLVMqvSBEVzTttHvERD741+pnZ8ANv0004MRL43QKPDlK9cGvNp6NZWZUBlbGXYxxng==",
      "dev": true
    },
    "lru-cache": {
      "version": "6.0.0",
      "resolved": "https://registry.npmjs.org/lru-cache/-/lru-cache-6.0.0.tgz",
      "integrity": "sha512-Jo6dJ04CmSjuznwJSS3pUeWmd/H0ffTlkXXgwZi+eq1UCmqQwCh+eLsYOYCwY991i2Fah4h1BEMCx4qThGbsiA==",
      "dev": true,
      "requires": {
        "yallist": "^4.0.0"
      }
    },
    "merge2": {
      "version": "1.4.1",
      "resolved": "https://registry.npmjs.org/merge2/-/merge2-1.4.1.tgz",
      "integrity": "sha512-8q7VEgMJW4J8tcfVPy8g09NcQwZdbwFEqhe/WZkoIzjn/3TGDwtOCYtXGxA3O8tPzpczCCDgv+P2P5y00ZJOOg==",
      "dev": true
    },
    "micromatch": {
      "version": "4.0.5",
      "resolved": "https://registry.npmjs.org/micromatch/-/micromatch-4.0.5.tgz",
      "integrity": "sha512-DMy+ERcEW2q8Z2Po+WNXuw3c5YaUSFjAO5GsJqfEl7UjvtIuFKO6ZrKvcItdy98dwFI2N1tg3zNIdKaQT+aNdA==",
      "dev": true,
      "requires": {
        "braces": "^3.0.2",
        "picomatch": "^2.3.1"
      }
    },
    "minimatch": {
      "version": "9.0.3",
      "resolved": "https://registry.npmjs.org/minimatch/-/minimatch-9.0.3.tgz",
      "integrity": "sha512-RHiac9mvaRw0x3AYRgDC1CxAP7HTcNrrECeA8YYJeWnpo+2Q5CegtZjaotWTWxDG3UeGA1coE05iH1mPjT/2mg==",
      "dev": true,
      "requires": {
        "brace-expansion": "^2.0.1"
      }
    },
    "ms": {
      "version": "2.1.2",
      "resolved": "https://registry.npmjs.org/ms/-/ms-2.1.2.tgz",
      "integrity": "sha512-sGkPx+VjMtmA6MX27oA4FBFELFCZZ4S4XqeGOXCv68tT+jb3vk/RyaKWP0PTKyWtmLSM0b+adUTEvbs1PEaH2w==",
      "dev": true
    },
    "natural-compare": {
      "version": "1.4.0",
      "resolved": "https://registry.npmjs.org/natural-compare/-/natural-compare-1.4.0.tgz",
      "integrity": "sha512-OWND8ei3VtNC9h7V60qff3SVobHr996CTwgxubgyQYEpg290h9J0buyECNNJexkFm5sOajh5G116RYA1c8ZMSw==",
      "dev": true
    },
    "path-type": {
      "version": "4.0.0",
      "resolved": "https://registry.npmjs.org/path-type/-/path-type-4.0.0.tgz",
      "integrity": "sha512-gDKb8aZMDeD/tZWs9P6+q0J9Mwkdl6xMV8TjnGP3qJVJ06bdMgkbBlLU8IdfOsIsFz2BW1rNVT3XuNEl8zPAvw==",
      "dev": true
    },
    "picomatch": {
      "version": "2.3.1",
      "resolved": "https://registry.npmjs.org/picomatch/-/picomatch-2.3.1.tgz",
      "integrity": "sha512-JU3teHTNjmE2VCGFzuY8EXzCDVwEqB2a8fsIvwaStHhAWJEeVd1o1QD80CU6+ZdEXXSLbSsuLwJjkCBWqRQUVA==",
      "dev": true
    },
    "queue-microtask": {
      "version": "1.2.3",
      "resolved": "https://registry.npmjs.org/queue-microtask/-/queue-microtask-1.2.3.tgz",
      "integrity": "sha512-NuaNSa6flKT5JaSYQzJok04JzTL1CA6aGhv5rfLW3PgqA+M2ChpZQnAC8h8i4ZFkBS8X5RqkDBHA7r4hej3K9A==",
      "dev": true
    },
    "reusify": {
      "version": "1.0.4",
      "resolved": "https://registry.npmjs.org/reusify/-/reusify-1.0.4.tgz",
      "integrity": "sha512-U9nH88a3fc/ekCF1l0/UP1IosiuIjyTh7hBvXVMHYgVcfGvt897Xguj2UOLDeI5BG2m7/uwyaLVT6fbtCwTyzw==",
      "dev": true
    },
    "run-parallel": {
      "version": "1.2.0",
      "resolved": "https://registry.npmjs.org/run-parallel/-/run-parallel-1.2.0.tgz",
      "integrity": "sha512-5l4VyZR86LZ/lDxZTR6jqL8AFE2S0IFLMP26AbjsLVADxHdhB/c0GUsH+y39UfCi3dzz8OlQuPmnaJOMoDHQBA==",
      "dev": true,
      "requires": {
        "queue-microtask": "^1.2.2"
      }
    },
    "semver": {
      "version": "7.5.4",
      "resolved": "https://registry.npmjs.org/semver/-/semver-7.5.4.tgz",
      "integrity": "sha512-1bCSESV6Pv+i21Hvpxp3Dx+pSD8lIPt8uVjRrxAUt/nbswYc+tK6Y2btiULjd4+fnq15PX+nqQDC7Oft7WkwcA==",
      "dev": true,
      "requires": {
        "lru-cache": "^6.0.0"
      }
    },
    "slash": {
      "version": "3.0.0",
      "resolved": "https://registry.npmjs.org/slash/-/slash-3.0.0.tgz",
      "integrity": "sha512-g9Q1haeby36OSStwb4ntCGGGaKsaVSjQ68fBxoQcutl5fS1vuY18H3wSt3jFyFtrkx+Kz0V1G85A4MyAdDMi2Q==",
      "dev": true
    },
    "to-regex-range": {
      "version": "5.0.1",
      "resolved": "https://registry.npmjs.org/to-regex-range/-/to-regex-range-5.0.1.tgz",
      "integrity": "sha512-65P7iz6X5yEr1cwcgvQxbbIw7Uk3gOy5dIdtZ4rDveLqhrdJP+Li/Hx6tyK0NEb+2GCyneCMJiGqrADCSNk8sQ==",
      "dev": true,
      "requires": {
        "is-number": "^7.0.0"
      }
    },
    "ts-api-utils": {
      "version": "1.0.3",
      "resolved": "https://registry.npmjs.org/ts-api-utils/-/ts-api-utils-1.0.3.tgz",
      "integrity": "sha512-wNMeqtMz5NtwpT/UZGY5alT+VoKdSsOOP/kqHFcUW1P/VRhH2wJ48+DN2WwUliNbQ976ETwDL0Ifd2VVvgonvg==",
      "dev": true
    },
    "yallist": {
      "version": "4.0.0",
      "resolved": "https://registry.npmjs.org/yallist/-/yallist-4.0.0.tgz",
      "integrity": "sha512-3wdGidZyq5PB084XLES5TpOSRA3wjXAlIWMhum2kRcv/41Sn2emQ0dycQW4uZXLejwKvg6EsvbdlVL+FYEct7A==",
      "dev": true
    }
  }
}
